
Microsoft Visual Studio Solution File, Format Version 12.00
# Visual Studio 15
VisualStudioVersion = 15.0.28307.1082
MinimumVisualStudioVersion = 10.0.40219.1
Project("{FAE04EC0-301F-11D3-BF4B-00C04F79EFBC}") = "Asp.NetWebAPI", "Asp.NetWebAPI\Asp.NetWebAPI.csproj", "{23F6AF6E-E6C7-44E8-90A7-81679E29966B}"
EndProject
Global
	GlobalSection(SolutionConfigurationPlatforms) = preSolution
		Debug|Any CPU = Debug|Any CPU
		Release|Any CPU = Release|Any CPU
	EndGlobalSection
	GlobalSection(ProjectConfigurationPlatforms) = postSolution
		{23F6AF6E-E6C7-44E8-90A7-81679E29966B}.Debug|Any CPU.ActiveCfg = Debug|Any CPU
		{23F6AF6E-E6C7-44E8-90A7-81679E29966B}.Debug|Any CPU.Build.0 = Debug|Any CPU
		{23F6AF6E-E6C7-44E8-90A7-81679E29966B}.Release|Any CPU.ActiveCfg = Release|Any CPU
		{23F6AF6E-E6C7-44E8-90A7-81679E29966B}.Release|Any CPU.Build.0 = Release|Any CPU
	EndGlobalSection
	GlobalSection(SolutionProperties) = preSolution
		HideSolutionNode = FALSE
	EndGlobalSection
	GlobalSection(ExtensibilityGlobals) = postSolution
		SolutionGuid = {B1A522D4-B377-49AB-8E10-E7F34D49D1B6}
	EndGlobalSection
EndGlobal
